
Microsoft Visual Studio Solution File, Format Version 12.00
# Visual Studio Version 16
VisualStudioVersion = 16.0.28729.10
MinimumVisualStudioVersion = 10.0.40219.1
Project("{FAE04EC0-301F-11D3-BF4B-00C04F79EFBC}") = "NewCC", "NewCC\NewCC.csproj", "{89F05E93-2913-487B-BAE6-9402BF908E22}"
EndProject
Project("{FAE04EC0-301F-11D3-BF4B-00C04F79EFBC}") = "ClassLibrary1", "ClassLibrary1\ClassLibrary1.csproj", "{1862A063-3B06-4EB3-B643-F8C367799104}"
EndProject
Global
	GlobalSection(SolutionConfigurationPlatforms) = preSolution
		Debug|Any CPU = Debug|Any CPU
		Release|Any CPU = Release|Any CPU
	EndGlobalSection
	GlobalSection(ProjectConfigurationPlatforms) = postSolution
		{89F05E93-2913-487B-BAE6-9402BF908E22}.Debug|Any CPU.ActiveCfg = Debug|Any CPU
		{89F05E93-2913-487B-BAE6-9402BF908E22}.Debug|Any CPU.Build.0 = Debug|Any CPU
		{89F05E93-2913-487B-BAE6-9402BF908E22}.Release|Any CPU.ActiveCfg = Release|Any CPU
		{89F05E93-2913-487B-BAE6-9402BF908E22}.Release|Any CPU.Build.0 = Release|Any CPU
		{1862A063-3B06-4EB3-B643-F8C367799104}.Debug|Any CPU.ActiveCfg = Debug|Any CPU
		{1862A063-3B06-4EB3-B643-F8C367799104}.Debug|Any CPU.Build.0 = Debug|Any CPU
		{1862A063-3B06-4EB3-B643-F8C367799104}.Release|Any CPU.ActiveCfg = Release|Any CPU
		{1862A063-3B06-4EB3-B643-F8C367799104}.Release|Any CPU.Build.0 = Release|Any CPU
	EndGlobalSection
	GlobalSection(SolutionProperties) = preSolution
		HideSolutionNode = FALSE
	EndGlobalSection
	GlobalSection(ExtensibilityGlobals) = postSolution
		SolutionGuid = {71E61FAD-8611-4896-BE30-1BF251585DF3}
	EndGlobalSection
EndGlobal
